{
  "name": "ca.barraco.carlo.homeassistant.sdplugin",
  "version": "1.0.0",
  "lockfileVersion": 1,
  "requires": true,
  "dependencies": {
    "home-assistant-js-websocket": {
      "version": "5.7.0",
      "resolved": "https://registry.npmjs.org/home-assistant-js-websocket/-/home-assistant-js-websocket-5.7.0.tgz",
      "integrity": "sha512-93qmVWpKiI1UZh0mNtFmwDJ8XLgl3epwQMNL+R5qI9lFBdC8djWZ3NiVZ9Vdwfq4T7NWZYYWxL/kkUV7xvf+yA=="
    }
  }
}
